
Microsoft Visual Studio Solution File, Format Version 12.00
# Visual Studio 2017
Project("{FAE04EC0-301F-11D3-BF4B-00C04F79EFBC}") = "NEW_Team.Plugins", "NEW_Team.Plugins.csproj", "{93053FF5-D71E-A20D-441C-006B9A44E125}"
EndProject
Project("{FAE04EC0-301F-11D3-BF4B-00C04F79EFBC}") = "NEW_Team", "NEW_Team.csproj", "{DD690781-226E-77ED-6E4D-DA6318761F58}"
EndProject
Project("{FAE04EC0-301F-11D3-BF4B-00C04F79EFBC}") = "NEW_Team.Editor.Plugins", "NEW_Team.Editor.Plugins.csproj", "{DBFAC69E-B56F-92E3-0185-104B63890FD0}"
EndProject
Project("{FAE04EC0-301F-11D3-BF4B-00C04F79EFBC}") = "NEW_Team.Editor", "NEW_Team.Editor.csproj", "{8C500719-E64F-F820-A303-B6A89A510A59}"
EndProject
Global
	GlobalSection(SolutionConfigurationPlatforms) = preSolution
		Debug|Any CPU = Debug|Any CPU
		Release|Any CPU = Release|Any CPU
	EndGlobalSection
	GlobalSection(ProjectConfigurationPlatforms) = postSolution
		{93053FF5-D71E-A20D-441C-006B9A44E125}.Debug|Any CPU.ActiveCfg = Debug|Any CPU
		{93053FF5-D71E-A20D-441C-006B9A44E125}.Debug|Any CPU.Build.0 = Debug|Any CPU
		{93053FF5-D71E-A20D-441C-006B9A44E125}.Release|Any CPU.ActiveCfg = Release|Any CPU
		{93053FF5-D71E-A20D-441C-006B9A44E125}.Release|Any CPU.Build.0 = Release|Any CPU
		{DD690781-226E-77ED-6E4D-DA6318761F58}.Debug|Any CPU.ActiveCfg = Debug|Any CPU
		{DD690781-226E-77ED-6E4D-DA6318761F58}.Debug|Any CPU.Build.0 = Debug|Any CPU
		{DD690781-226E-77ED-6E4D-DA6318761F58}.Release|Any CPU.ActiveCfg = Release|Any CPU
		{DD690781-226E-77ED-6E4D-DA6318761F58}.Release|Any CPU.Build.0 = Release|Any CPU
		{DBFAC69E-B56F-92E3-0185-104B63890FD0}.Debug|Any CPU.ActiveCfg = Debug|Any CPU
		{DBFAC69E-B56F-92E3-0185-104B63890FD0}.Debug|Any CPU.Build.0 = Debug|Any CPU
		{DBFAC69E-B56F-92E3-0185-104B63890FD0}.Release|Any CPU.ActiveCfg = Release|Any CPU
		{DBFAC69E-B56F-92E3-0185-104B63890FD0}.Release|Any CPU.Build.0 = Release|Any CPU
		{8C500719-E64F-F820-A303-B6A89A510A59}.Debug|Any CPU.ActiveCfg = Debug|Any CPU
		{8C500719-E64F-F820-A303-B6A89A510A59}.Debug|Any CPU.Build.0 = Debug|Any CPU
		{8C500719-E64F-F820-A303-B6A89A510A59}.Release|Any CPU.ActiveCfg = Release|Any CPU
		{8C500719-E64F-F820-A303-B6A89A510A59}.Release|Any CPU.Build.0 = Release|Any CPU
	EndGlobalSection
	GlobalSection(SolutionProperties) = preSolution
		HideSolutionNode = FALSE
	EndGlobalSection
EndGlobal
